
Microsoft Visual Studio Solution File, Format Version 12.00
# Visual Studio 15
VisualStudioVersion = 15.0.28307.438
MinimumVisualStudioVersion = 10.0.40219.1
Project("{FAE04EC0-301F-11D3-BF4B-00C04F79EFBC}") = "XamarinSandbox.Android", "XamarinSandbox\XamarinSandbox.Android\XamarinSandbox.Android.csproj", "{85C0E392-AB62-481A-95B6-C8DED5A68826}"
EndProject
Project("{FAE04EC0-301F-11D3-BF4B-00C04F79EFBC}") = "XamarinSandbox.iOS", "XamarinSandbox\XamarinSandbox.iOS\XamarinSandbox.iOS.csproj", "{018DD894-AB00-4B29-A7B0-83CE26189FED}"
EndProject
Project("{FAE04EC0-301F-11D3-BF4B-00C04F79EFBC}") = "XamarinSandbox", "XamarinSandbox\XamarinSandbox\XamarinSandbox.csproj", "{ABA41F1B-1535-42D9-8AF5-7097CB693C9E}"
EndProject
Global
	GlobalSection(SolutionConfigurationPlatforms) = preSolution
		Ad-Hoc|Any CPU = Ad-Hoc|Any CPU
		Ad-Hoc|iPhone = Ad-Hoc|iPhone
		Ad-Hoc|iPhoneSimulator = Ad-Hoc|iPhoneSimulator
		AppStore|Any CPU = AppStore|Any CPU
		AppStore|iPhone = AppStore|iPhone
		AppStore|iPhoneSimulator = AppStore|iPhoneSimulator
		Debug|Any CPU = Debug|Any CPU
		Debug|iPhone = Debug|iPhone
		Debug|iPhoneSimulator = Debug|iPhoneSimulator
		Release|Any CPU = Release|Any CPU
		Release|iPhone = Release|iPhone
		Release|iPhoneSimulator = Release|iPhoneSimulator
	EndGlobalSection
	GlobalSection(ProjectConfigurationPlatforms) = postSolution
		{85C0E392-AB62-481A-95B6-C8DED5A68826}.Ad-Hoc|Any CPU.ActiveCfg = Release|Any CPU
		{85C0E392-AB62-481A-95B6-C8DED5A68826}.Ad-Hoc|Any CPU.Build.0 = Release|Any CPU
		{85C0E392-AB62-481A-95B6-C8DED5A68826}.Ad-Hoc|Any CPU.Deploy.0 = Release|Any CPU
		{85C0E392-AB62-481A-95B6-C8DED5A68826}.Ad-Hoc|iPhone.ActiveCfg = Release|Any CPU
		{85C0E392-AB62-481A-95B6-C8DED5A68826}.Ad-Hoc|iPhone.Build.0 = Release|Any CPU
		{85C0E392-AB62-481A-95B6-C8DED5A68826}.Ad-Hoc|iPhone.Deploy.0 = Release|Any CPU
		{85C0E392-AB62-481A-95B6-C8DED5A68826}.Ad-Hoc|iPhoneSimulator.ActiveCfg = Release|Any CPU
		{85C0E392-AB62-481A-95B6-C8DED5A68826}.Ad-Hoc|iPhoneSimulator.Build.0 = Release|Any CPU
		{85C0E392-AB62-481A-95B6-C8DED5A68826}.Ad-Hoc|iPhoneSimulator.Deploy.0 = Release|Any CPU
		{85C0E392-AB62-481A-95B6-C8DED5A68826}.AppStore|Any CPU.ActiveCfg = Release|Any CPU
		{85C0E392-AB62-481A-95B6-C8DED5A68826}.AppStore|Any CPU.Build.0 = Release|Any CPU
		{85C0E392-AB62-481A-95B6-C8DED5A68826}.AppStore|Any CPU.Deploy.0 = Release|Any CPU
		{85C0E392-AB62-481A-95B6-C8DED5A68826}.AppStore|iPhone.ActiveCfg = Release|Any CPU
		{85C0E392-AB62-481A-95B6-C8DED5A68826}.AppStore|iPhone.Build.0 = Release|Any CPU
		{85C0E392-AB62-481A-95B6-C8DED5A68826}.AppStore|iPhone.Deploy.0 = Release|Any CPU
		{85C0E392-AB62-481A-95B6-C8DED5A68826}.AppStore|iPhoneSimulator.ActiveCfg = Release|Any CPU
		{85C0E392-AB62-481A-95B6-C8DED5A68826}.AppStore|iPhoneSimulator.Build.0 = Release|Any CPU
		{85C0E392-AB62-481A-95B6-C8DED5A68826}.AppStore|iPhoneSimulator.Deploy.0 = Release|Any CPU
		{85C0E392-AB62-481A-95B6-C8DED5A68826}.Debug|Any CPU.ActiveCfg = Debug|Any CPU
		{85C0E392-AB62-481A-95B6-C8DED5A68826}.Debug|Any CPU.Build.0 = Debug|Any CPU
		{85C0E392-AB62-481A-95B6-C8DED5A68826}.Debug|Any CPU.Deploy.0 = Debug|Any CPU
		{85C0E392-AB62-481A-95B6-C8DED5A68826}.Debug|iPhone.ActiveCfg = Debug|Any CPU
		{85C0E392-AB62-481A-95B6-C8DED5A68826}.Debug|iPhone.Build.0 = Debug|Any CPU
		{85C0E392-AB62-481A-95B6-C8DED5A68826}.Debug|iPhone.Deploy.0 = Debug|Any CPU
		{85C0E392-AB62-481A-95B6-C8DED5A68826}.Debug|iPhoneSimulator.ActiveCfg = Debug|Any CPU
		{85C0E392-AB62-481A-95B6-C8DED5A68826}.Debug|iPhoneSimulator.Build.0 = Debug|Any CPU
		{85C0E392-AB62-481A-95B6-C8DED5A68826}.Debug|iPhoneSimulator.Deploy.0 = Debug|Any CPU
		{85C0E392-AB62-481A-95B6-C8DED5A68826}.Release|Any CPU.ActiveCfg = Release|Any CPU
		{85C0E392-AB62-481A-95B6-C8DED5A68826}.Release|Any CPU.Build.0 = Release|Any CPU
		{85C0E392-AB62-481A-95B6-C8DED5A68826}.Release|Any CPU.Deploy.0 = Release|Any CPU
		{85C0E392-AB62-481A-95B6-C8DED5A68826}.Release|iPhone.ActiveCfg = Release|Any CPU
		{85C0E392-AB62-481A-95B6-C8DED5A68826}.Release|iPhone.Build.0 = Release|Any CPU
		{85C0E392-AB62-481A-95B6-C8DED5A68826}.Release|iPhone.Deploy.0 = Release|Any CPU
		{85C0E392-AB62-481A-95B6-C8DED5A68826}.Release|iPhoneSimulator.ActiveCfg = Release|Any CPU
		{85C0E392-AB62-481A-95B6-C8DED5A68826}.Release|iPhoneSimulator.Build.0 = Release|Any CPU
		{85C0E392-AB62-481A-95B6-C8DED5A68826}.Release|iPhoneSimulator.Deploy.0 = Release|Any CPU
		{018DD894-AB00-4B29-A7B0-83CE26189FED}.Ad-Hoc|Any CPU.ActiveCfg = Ad-Hoc|iPhone
		{018DD894-AB00-4B29-A7B0-83CE26189FED}.Ad-Hoc|Any CPU.Build.0 = Ad-Hoc|iPhone
		{018DD894-AB00-4B29-A7B0-83CE26189FED}.Ad-Hoc|Any CPU.Deploy.0 = Ad-Hoc|iPhone
		{018DD894-AB00-4B29-A7B0-83CE26189FED}.Ad-Hoc|iPhone.ActiveCfg = Ad-Hoc|iPhone
		{018DD894-AB00-4B29-A7B0-83CE26189FED}.Ad-Hoc|iPhone.Build.0 = Ad-Hoc|iPhone
		{018DD894-AB00-4B29-A7B0-83CE26189FED}.Ad-Hoc|iPhone.Deploy.0 = Ad-Hoc|iPhone
		{018DD894-AB00-4B29-A7B0-83CE26189FED}.Ad-Hoc|iPhoneSimulator.ActiveCfg = Ad-Hoc|iPhoneSimulator
		{018DD894-AB00-4B29-A7B0-83CE26189FED}.Ad-Hoc|iPhoneSimulator.Build.0 = Ad-Hoc|iPhoneSimulator
		{018DD894-AB00-4B29-A7B0-83CE26189FED}.Ad-Hoc|iPhoneSimulator.Deploy.0 = Ad-Hoc|iPhoneSimulator
		{018DD894-AB00-4B29-A7B0-83CE26189FED}.AppStore|Any CPU.ActiveCfg = AppStore|iPhone
		{018DD894-AB00-4B29-A7B0-83CE26189FED}.AppStore|Any CPU.Build.0 = AppStore|iPhone
		{018DD894-AB00-4B29-A7B0-83CE26189FED}.AppStore|Any CPU.Deploy.0 = AppStore|iPhone
		{018DD894-AB00-4B29-A7B0-83CE26189FED}.AppStore|iPhone.ActiveCfg = AppStore|iPhone
		{018DD894-AB00-4B29-A7B0-83CE26189FED}.AppStore|iPhone.Build.0 = AppStore|iPhone
		{018DD894-AB00-4B29-A7B0-83CE26189FED}.AppStore|iPhone.Deploy.0 = AppStore|iPhone
		{018DD894-AB00-4B29-A7B0-83CE26189FED}.AppStore|iPhoneSimulator.ActiveCfg = AppStore|iPhoneSimulator
		{018DD894-AB00-4B29-A7B0-83CE26189FED}.AppStore|iPhoneSimulator.Build.0 = AppStore|iPhoneSimulator
		{018DD894-AB00-4B29-A7B0-83CE26189FED}.AppStore|iPhoneSimulator.Deploy.0 = AppStore|iPhoneSimulator
		{018DD894-AB00-4B29-A7B0-83CE26189FED}.Debug|Any CPU.ActiveCfg = Debug|iPhoneSimulator
		{018DD894-AB00-4B29-A7B0-83CE26189FED}.Debug|Any CPU.Build.0 = Debug|iPhoneSimulator
		{018DD894-AB00-4B29-A7B0-83CE26189FED}.Debug|Any CPU.Deploy.0 = Debug|iPhoneSimulator
		{018DD894-AB00-4B29-A7B0-83CE26189FED}.Debug|iPhone.ActiveCfg = Debug|iPhone
		{018DD894-AB00-4B29-A7B0-83CE26189FED}.Debug|iPhone.Build.0 = Debug|iPhone
		{018DD894-AB00-4B29-A7B0-83CE26189FED}.Debug|iPhone.Deploy.0 = Debug|iPhone
		{018DD894-AB00-4B29-A7B0-83CE26189FED}.Debug|iPhoneSimulator.ActiveCfg = Debug|iPhoneSimulator
		{018DD894-AB00-4B29-A7B0-83CE26189FED}.Debug|iPhoneSimulator.Build.0 = Debug|iPhoneSimulator
		{018DD894-AB00-4B29-A7B0-83CE26189FED}.Debug|iPhoneSimulator.Deploy.0 = Debug|iPhoneSimulator
		{018DD894-AB00-4B29-A7B0-83CE26189FED}.Release|Any CPU.ActiveCfg = Release|iPhone
		{018DD894-AB00-4B29-A7B0-83CE26189FED}.Release|Any CPU.Build.0 = Release|iPhone
		{018DD894-AB00-4B29-A7B0-83CE26189FED}.Release|Any CPU.Deploy.0 = Release|iPhone
		{018DD894-AB00-4B29-A7B0-83CE26189FED}.Release|iPhone.ActiveCfg = Release|iPhone
		{018DD894-AB00-4B29-A7B0-83CE26189FED}.Release|iPhone.Build.0 = Release|iPhone
		{018DD894-AB00-4B29-A7B0-83CE26189FED}.Release|iPhone.Deploy.0 = Release|iPhone
		{018DD894-AB00-4B29-A7B0-83CE26189FED}.Release|iPhoneSimulator.ActiveCfg = Release|iPhoneSimulator
		{018DD894-AB00-4B29-A7B0-83CE26189FED}.Release|iPhoneSimulator.Build.0 = Release|iPhoneSimulator
		{018DD894-AB00-4B29-A7B0-83CE26189FED}.Release|iPhoneSimulator.Deploy.0 = Release|iPhoneSimulator
		{ABA41F1B-1535-42D9-8AF5-7097CB693C9E}.Ad-Hoc|Any CPU.ActiveCfg = Debug|Any CPU
		{ABA41F1B-1535-42D9-8AF5-7097CB693C9E}.Ad-Hoc|Any CPU.Build.0 = Debug|Any CPU
		{ABA41F1B-1535-42D9-8AF5-7097CB693C9E}.Ad-Hoc|Any CPU.Deploy.0 = Debug|Any CPU
		{ABA41F1B-1535-42D9-8AF5-7097CB693C9E}.Ad-Hoc|iPhone.ActiveCfg = Debug|Any CPU
		{ABA41F1B-1535-42D9-8AF5-7097CB693C9E}.Ad-Hoc|iPhone.Build.0 = Debug|Any CPU
		{ABA41F1B-1535-42D9-8AF5-7097CB693C9E}.Ad-Hoc|iPhone.Deploy.0 = Debug|Any CPU
		{ABA41F1B-1535-42D9-8AF5-7097CB693C9E}.Ad-Hoc|iPhoneSimulator.ActiveCfg = Debug|Any CPU
		{ABA41F1B-1535-42D9-8AF5-7097CB693C9E}.Ad-Hoc|iPhoneSimulator.Build.0 = Debug|Any CPU
		{ABA41F1B-1535-42D9-8AF5-7097CB693C9E}.Ad-Hoc|iPhoneSimulator.Deploy.0 = Debug|Any CPU
		{ABA41F1B-1535-42D9-8AF5-7097CB693C9E}.AppStore|Any CPU.ActiveCfg = Debug|Any CPU
		{ABA41F1B-1535-42D9-8AF5-7097CB693C9E}.AppStore|Any CPU.Build.0 = Debug|Any CPU
		{ABA41F1B-1535-42D9-8AF5-7097CB693C9E}.AppStore|Any CPU.Deploy.0 = Debug|Any CPU
		{ABA41F1B-1535-42D9-8AF5-7097CB693C9E}.AppStore|iPhone.ActiveCfg = Debug|Any CPU
		{ABA41F1B-1535-42D9-8AF5-7097CB693C9E}.AppStore|iPhone.Build.0 = Debug|Any CPU
		{ABA41F1B-1535-42D9-8AF5-7097CB693C9E}.AppStore|iPhone.Deploy.0 = Debug|Any CPU
		{ABA41F1B-1535-42D9-8AF5-7097CB693C9E}.AppStore|iPhoneSimulator.ActiveCfg = Debug|Any CPU
		{ABA41F1B-1535-42D9-8AF5-7097CB693C9E}.AppStore|iPhoneSimulator.Build.0 = Debug|Any CPU
		{ABA41F1B-1535-42D9-8AF5-7097CB693C9E}.AppStore|iPhoneSimulator.Deploy.0 = Debug|Any CPU
		{ABA41F1B-1535-42D9-8AF5-7097CB693C9E}.Debug|Any CPU.ActiveCfg = Debug|Any CPU
		{ABA41F1B-1535-42D9-8AF5-7097CB693C9E}.Debug|Any CPU.Build.0 = Debug|Any CPU
		{ABA41F1B-1535-42D9-8AF5-7097CB693C9E}.Debug|Any CPU.Deploy.0 = Debug|Any CPU
		{ABA41F1B-1535-42D9-8AF5-7097CB693C9E}.Debug|iPhone.ActiveCfg = Debug|Any CPU
		{ABA41F1B-1535-42D9-8AF5-7097CB693C9E}.Debug|iPhone.Build.0 = Debug|Any CPU
		{ABA41F1B-1535-42D9-8AF5-7097CB693C9E}.Debug|iPhone.Deploy.0 = Debug|Any CPU
		{ABA41F1B-1535-42D9-8AF5-7097CB693C9E}.Debug|iPhoneSimulator.ActiveCfg = Debug|Any CPU
		{ABA41F1B-1535-42D9-8AF5-7097CB693C9E}.Debug|iPhoneSimulator.Build.0 = Debug|Any CPU
		{ABA41F1B-1535-42D9-8AF5-7097CB693C9E}.Debug|iPhoneSimulator.Deploy.0 = Debug|Any CPU
		{ABA41F1B-1535-42D9-8AF5-7097CB693C9E}.Release|Any CPU.ActiveCfg = Release|Any CPU
		{ABA41F1B-1535-42D9-8AF5-7097CB693C9E}.Release|Any CPU.Build.0 = Release|Any CPU
		{ABA41F1B-1535-42D9-8AF5-7097CB693C9E}.Release|Any CPU.Deploy.0 = Release|Any CPU
		{ABA41F1B-1535-42D9-8AF5-7097CB693C9E}.Release|iPhone.ActiveCfg = Release|Any CPU
		{ABA41F1B-1535-42D9-8AF5-7097CB693C9E}.Release|iPhone.Build.0 = Release|Any CPU
		{ABA41F1B-1535-42D9-8AF5-7097CB693C9E}.Release|iPhone.Deploy.0 = Release|Any CPU
		{ABA41F1B-1535-42D9-8AF5-7097CB693C9E}.Release|iPhoneSimulator.ActiveCfg = Release|Any CPU
		{ABA41F1B-1535-42D9-8AF5-7097CB693C9E}.Release|iPhoneSimulator.Build.0 = Release|Any CPU
		{ABA41F1B-1535-42D9-8AF5-7097CB693C9E}.Release|iPhoneSimulator.Deploy.0 = Release|Any CPU
	EndGlobalSection
	GlobalSection(SolutionProperties) = preSolution
		HideSolutionNode = FALSE
	EndGlobalSection
	GlobalSection(ExtensibilityGlobals) = postSolution
		SolutionGuid = {9B96ABBE-58F2-41B7-95D2-C0CB640FD889}
	EndGlobalSection
EndGlobal
